<?xml version="1.0" encoding="UTF-8" standalone="yes" ?>
<CodeBlocks_project_file>
	<FileVersion major="1" minor="6" />
	<Project>
		<Option title="ErgCellRendererColorChooser" />
		<Option pch_mode="2" />
		<Option compiler="gcc" />
		<Option virtualFolders="samples/gnucash/;samples/;samples/v-3.24.5/;src/;doc/;" />
		<Build>
			<Target title="D">
				<Option output="bin/D/ErgCellRendererColorChooser" prefix_auto="1" extension_auto="1" />
				<Option working_dir="" />
				<Option object_output="obj/D/" />
				<Option type="2" />
				<Option compiler="gcc" />
				<Option createDefFile="1" />
				<Compiler>
					<Add option="-g" />
				</Compiler>
			</Target>
			<Target title="R">
				<Option output="bin/R/ErgCellRendererColorChooser" prefix_auto="1" extension_auto="1" />
				<Option working_dir="" />
				<Option object_output="obj/R/" />
				<Option type="2" />
				<Option compiler="gcc" />
				<Option createDefFile="1" />
				<Compiler>
					<Add option="-O2" />
				</Compiler>
				<Linker>
					<Add option="-s" />
				</Linker>
			</Target>
		</Build>
		<Compiler>
			<Add option="-Wall" />
			<Add option="-std=c11" />
			<Add option="`pkg-config --cflags gtk+-3.0`" />
			<Add option="-Wno-unused-variable" />
			<Add option="-Wno-unused-but-set-variable" />
			<Add directory="/usr/local/gwr/gtk/v-3.24.5" />
		</Compiler>
		<Linker>
			<Add option="`pkg-config --libs gtk+-3.0`" />
		</Linker>
		<Unit filename="branches/docs/README.md">
			<Option virtualFolder="doc/" />
		</Unit>
		<Unit filename="branches/docs/tek.txt">
			<Option virtualFolder="doc/" />
		</Unit>
		<Unit filename="src/GtkErgCellRendererColorChooser.c">
			<Option compilerVar="CC" />
			<Option virtualFolder="src/" />
		</Unit>
		<Unit filename="src/GtkErgCellRendererColorChooser.h">
			<Option virtualFolder="src/" />
		</Unit>
		<Unit filename="src/crcc-bpl.ci">
			<Option virtualFolder="src/" />
		</Unit>
		<Unit filename="src/crcc-edit.ci">
			<Option virtualFolder="src/" />
		</Unit>
		<Unit filename="src/crcc-fonts.ci">
			<Option virtualFolder="src/" />
		</Unit>
		<Unit filename="src/crcc-get.ci">
			<Option virtualFolder="src/" />
		</Unit>
		<Unit filename="src/crcc-set.ci">
			<Option virtualFolder="src/" />
		</Unit>
		<Unit filename="src/samples/gnc-cell-renderer-popup-entry.c">
			<Option compilerVar="CC" />
			<Option compile="0" />
			<Option link="0" />
			<Option virtualFolder="samples/gnucash/" />
		</Unit>
		<Unit filename="src/samples/gnc-cell-renderer-popup-entry.h">
			<Option virtualFolder="samples/gnucash/" />
		</Unit>
		<Unit filename="src/samples/gnc-cell-renderer-popup.c">
			<Option compilerVar="CC" />
			<Option compile="0" />
			<Option link="0" />
			<Option virtualFolder="samples/gnucash/" />
		</Unit>
		<Unit filename="src/samples/gnc-cell-renderer-popup.h">
			<Option virtualFolder="samples/gnucash/" />
		</Unit>
		<Unit filename="src/samples/gtkcelleditable__v-3.24.5.c">
			<Option compilerVar="CC" />
			<Option compile="0" />
			<Option link="0" />
			<Option virtualFolder="samples/v-3.24.5/" />
		</Unit>
		<Unit filename="src/samples/gtkcelleditable__v-3.24.5.h">
			<Option virtualFolder="samples/v-3.24.5/" />
		</Unit>
		<Unit filename="src/samples/gtkcellrenderertext__v-3.24.5.c">
			<Option compilerVar="CC" />
			<Option compile="0" />
			<Option link="0" />
			<Option virtualFolder="samples/v-3.24.5/" />
		</Unit>
		<Unit filename="src/samples/gtkcellrenderertext__v-3.24.5.h">
			<Option virtualFolder="samples/v-3.24.5/" />
		</Unit>
		<Extensions>
			<envvars />
			<code_completion />
			<debugger />
		</Extensions>
	</Project>
</CodeBlocks_project_file>
